
Microsoft Visual Studio Solution File, Format Version 11.00
# Visual Studio 2010
Project("{FAE04EC0-301F-11D3-BF4B-00C04F79EFBC}") = "Assembly-CSharp", "Assembly-CSharp.csproj", "{b2c1713c-4bdb-d42c-03e9-1ed7a4efc3ea}"
EndProject
Project("{FAE04EC0-301F-11D3-BF4B-00C04F79EFBC}") = "AstarPathfindingProject", "AstarPathfindingProject.csproj", "{bb1d941c-7461-4dfa-df30-1da97d3beaec}"
EndProject
Project("{FAE04EC0-301F-11D3-BF4B-00C04F79EFBC}") = "AstarPathfindingProjectEditor", "AstarPathfindingProjectEditor.csproj", "{8ab805dd-0367-d550-f91e-30ac2c4c5a63}"
EndProject
Project("{FAE04EC0-301F-11D3-BF4B-00C04F79EFBC}") = "PackageToolsEditor", "PackageToolsEditor.csproj", "{150321f7-ae96-844b-1795-7133d12cea29}"
EndProject
Global
	GlobalSection(SolutionConfigurationPlatforms) = preSolution
		Debug|Any CPU = Debug|Any CPU
		Release|Any CPU = Release|Any CPU
	EndGlobalSection
	GlobalSection(ProjectConfigurationPlatforms) = postSolution
		{b2c1713c-4bdb-d42c-03e9-1ed7a4efc3ea}.Debug|Any CPU.ActiveCfg = Debug|Any CPU
		{b2c1713c-4bdb-d42c-03e9-1ed7a4efc3ea}.Debug|Any CPU.Build.0 = Debug|Any CPU
		{b2c1713c-4bdb-d42c-03e9-1ed7a4efc3ea}.Release|Any CPU.ActiveCfg = Release|Any CPU
		{b2c1713c-4bdb-d42c-03e9-1ed7a4efc3ea}.Release|Any CPU.Build.0 = Release|Any CPU
		{bb1d941c-7461-4dfa-df30-1da97d3beaec}.Debug|Any CPU.ActiveCfg = Debug|Any CPU
		{bb1d941c-7461-4dfa-df30-1da97d3beaec}.Debug|Any CPU.Build.0 = Debug|Any CPU
		{bb1d941c-7461-4dfa-df30-1da97d3beaec}.Release|Any CPU.ActiveCfg = Release|Any CPU
		{bb1d941c-7461-4dfa-df30-1da97d3beaec}.Release|Any CPU.Build.0 = Release|Any CPU
		{8ab805dd-0367-d550-f91e-30ac2c4c5a63}.Debug|Any CPU.ActiveCfg = Debug|Any CPU
		{8ab805dd-0367-d550-f91e-30ac2c4c5a63}.Debug|Any CPU.Build.0 = Debug|Any CPU
		{8ab805dd-0367-d550-f91e-30ac2c4c5a63}.Release|Any CPU.ActiveCfg = Release|Any CPU
		{8ab805dd-0367-d550-f91e-30ac2c4c5a63}.Release|Any CPU.Build.0 = Release|Any CPU
		{150321f7-ae96-844b-1795-7133d12cea29}.Debug|Any CPU.ActiveCfg = Debug|Any CPU
		{150321f7-ae96-844b-1795-7133d12cea29}.Debug|Any CPU.Build.0 = Debug|Any CPU
		{150321f7-ae96-844b-1795-7133d12cea29}.Release|Any CPU.ActiveCfg = Release|Any CPU
		{150321f7-ae96-844b-1795-7133d12cea29}.Release|Any CPU.Build.0 = Release|Any CPU
	EndGlobalSection
	GlobalSection(SolutionProperties) = preSolution
		HideSolutionNode = FALSE
	EndGlobalSection
EndGlobal
